<?xml version="1.0" encoding="utf-8"?>
<Project ToolsVersion="4.0" xmlns="http://schemas.microsoft.com/developer/msbuild/2003">
  <ItemGroup>
    <Filter Include="源文件">
      <UniqueIdentifier>{4FC737F1-C7A5-4376-A066-2A32D752A2FF}</UniqueIdentifier>
      <Extensions>cpp;c;cc;cxx;c++;def;odl;idl;hpj;bat;asm;asmx</Extensions>
    </Filter>
    <Filter Include="头文件">
      <UniqueIdentifier>{93995380-89BD-4b04-88EB-625FBE52EBFB}</UniqueIdentifier>
      <Extensions>h;hh;hpp;hxx;h++;hm;inl;inc;ipp;xsd</Extensions>
    </Filter>
    <Filter Include="资源文件">
      <UniqueIdentifier>{67DA6AB6-F800-4c08-8B7A-83BB121AAD01}</UniqueIdentifier>
      <Extensions>rc;ico;cur;bmp;dlg;rc2;rct;bin;rgs;gif;jpg;jpeg;jpe;resx;tiff;tif;png;wav;mfcribbon-ms</Extensions>
    </Filter>
    <Filter Include="头文件\框架">
      <UniqueIdentifier>{e35601af-e94f-4c3a-aa4a-b623e7887a03}</UniqueIdentifier>
    </Filter>
    <Filter Include="资源文件\字体">
      <UniqueIdentifier>{1773196c-163a-4e2b-99d3-6978394094e1}</UniqueIdentifier>
    </Filter>
    <Filter Include="资源文件\图像">
      <UniqueIdentifier>{a083aa08-43c1-4fe3-9ffd-bae24f6c7319}</UniqueIdentifier>
    </Filter>
    <Filter Include="头文件\spine">
      <UniqueIdentifier>{49f12b37-24c0-419a-a086-ca772193ff94}</UniqueIdentifier>
    </Filter>
    <Filter Include="头文件\ds">
      <UniqueIdentifier>{e6bc9ed5-2922-4896-8d2a-95fa5cc8ee39}</UniqueIdentifier>
    </Filter>
    <Filter Include="源文件\spine">
      <UniqueIdentifier>{25343813-b27f-4119-b4ae-f753df59c0f2}</UniqueIdentifier>
    </Filter>
    <Filter Include="源文件\ds">
      <UniqueIdentifier>{7cbcf5e3-b533-42c2-b42c-233836163929}</UniqueIdentifier>
    </Filter>
  </ItemGroup>
  <ItemGroup>
    <ResourceCompile Include="res\DesktopSprite.rc">
      <Filter>资源文件</Filter>
    </ResourceCompile>
  </ItemGroup>
  <ItemGroup>
    <ClInclude Include="res\resource.h">
      <Filter>头文件\框架</Filter>
    </ClInclude>
    <ClInclude Include="include\ds\framework.h">
      <Filter>头文件\框架</Filter>
    </ClInclude>
    <ClInclude Include="include\spine\Animation.h">
      <Filter>头文件\spine</Filter>
    </ClInclude>
    <ClInclude Include="include\spine\AnimationState.h">
      <Filter>头文件\spine</Filter>
    </ClInclude>
    <ClInclude Include="include\spine\AnimationStateData.h">
      <Filter>头文件\spine</Filter>
    </ClInclude>
    <ClInclude Include="include\spine\Array.h">
      <Filter>头文件\spine</Filter>
    </ClInclude>
    <ClInclude Include="include\spine\Atlas.h">
      <Filter>头文件\spine</Filter>
    </ClInclude>
    <ClInclude Include="include\spine\AtlasAttachmentLoader.h">
      <Filter>头文件\spine</Filter>
    </ClInclude>
    <ClInclude Include="include\spine\Attachment.h">
      <Filter>头文件\spine</Filter>
    </ClInclude>
    <ClInclude Include="include\spine\AttachmentLoader.h">
      <Filter>头文件\spine</Filter>
    </ClInclude>
    <ClInclude Include="include\spine\Bone.h">
      <Filter>头文件\spine</Filter>
    </ClInclude>
    <ClInclude Include="include\spine\BoneData.h">
      <Filter>头文件\spine</Filter>
    </ClInclude>
    <ClInclude Include="include\spine\BoundingBoxAttachment.h">
      <Filter>头文件\spine</Filter>
    </ClInclude>
    <ClInclude Include="include\spine\ClippingAttachment.h">
      <Filter>头文件\spine</Filter>
    </ClInclude>
    <ClInclude Include="include\spine\Color.h">
      <Filter>头文件\spine</Filter>
    </ClInclude>
    <ClInclude Include="include\spine\dll.h">
      <Filter>头文件\spine</Filter>
    </ClInclude>
    <ClInclude Include="include\spine\Event.h">
      <Filter>头文件\spine</Filter>
    </ClInclude>
    <ClInclude Include="include\spine\EventData.h">
      <Filter>头文件\spine</Filter>
    </ClInclude>
    <ClInclude Include="include\spine\extension.h">
      <Filter>头文件\spine</Filter>
    </ClInclude>
    <ClInclude Include="include\spine\IkConstraint.h">
      <Filter>头文件\spine</Filter>
    </ClInclude>
    <ClInclude Include="include\spine\IkConstraintData.h">
      <Filter>头文件\spine</Filter>
    </ClInclude>
    <ClInclude Include="src\spine\Json.h">
      <Filter>头文件\spine</Filter>
    </ClInclude>
    <ClInclude Include="src\spine\kvec.h">
      <Filter>头文件\spine</Filter>
    </ClInclude>
    <ClInclude Include="include\spine\MeshAttachment.h">
      <Filter>头文件\spine</Filter>
    </ClInclude>
    <ClInclude Include="include\spine\PathAttachment.h">
      <Filter>头文件\spine</Filter>
    </ClInclude>
    <ClInclude Include="include\spine\PathConstraint.h">
      <Filter>头文件\spine</Filter>
    </ClInclude>
    <ClInclude Include="include\spine\PathConstraintData.h">
      <Filter>头文件\spine</Filter>
    </ClInclude>
    <ClInclude Include="include\spine\PointAttachment.h">
      <Filter>头文件\spine</Filter>
    </ClInclude>
    <ClInclude Include="include\spine\RegionAttachment.h">
      <Filter>头文件\spine</Filter>
    </ClInclude>
    <ClInclude Include="include\spine\Skeleton.h">
      <Filter>头文件\spine</Filter>
    </ClInclude>
    <ClInclude Include="include\spine\SkeletonBinary.h">
      <Filter>头文件\spine</Filter>
    </ClInclude>
    <ClInclude Include="include\spine\SkeletonBounds.h">
      <Filter>头文件\spine</Filter>
    </ClInclude>
    <ClInclude Include="include\spine\SkeletonClipping.h">
      <Filter>头文件\spine</Filter>
    </ClInclude>
    <ClInclude Include="include\spine\SkeletonData.h">
      <Filter>头文件\spine</Filter>
    </ClInclude>
    <ClInclude Include="include\spine\SkeletonJson.h">
      <Filter>头文件\spine</Filter>
    </ClInclude>
    <ClInclude Include="include\spine\Skin.h">
      <Filter>头文件\spine</Filter>
    </ClInclude>
    <ClInclude Include="include\spine\Slot.h">
      <Filter>头文件\spine</Filter>
    </ClInclude>
    <ClInclude Include="include\spine\SlotData.h">
      <Filter>头文件\spine</Filter>
    </ClInclude>
    <ClInclude Include="include\spine\spine.h">
      <Filter>头文件\spine</Filter>
    </ClInclude>
    <ClInclude Include="include\spine\TransformConstraint.h">
      <Filter>头文件\spine</Filter>
    </ClInclude>
    <ClInclude Include="include\spine\TransformConstraintData.h">
      <Filter>头文件\spine</Filter>
    </ClInclude>
    <ClInclude Include="include\spine\Triangulator.h">
      <Filter>头文件\spine</Filter>
    </ClInclude>
    <ClInclude Include="include\spine\VertexAttachment.h">
      <Filter>头文件\spine</Filter>
    </ClInclude>
    <ClInclude Include="include\spine\VertexEffect.h">
      <Filter>头文件\spine</Filter>
    </ClInclude>
    <ClInclude Include="include\ds\config.h">
      <Filter>头文件\ds</Filter>
    </ClInclude>
    <ClInclude Include="include\ds\mainwnd.h">
      <Filter>头文件\ds</Filter>
    </ClInclude>
    <ClInclude Include="include\ds\notifyicon.h">
      <Filter>头文件\ds</Filter>
    </ClInclude>
    <ClInclude Include="include\ds\perfdata.h">
      <Filter>头文件\ds</Filter>
    </ClInclude>
    <ClInclude Include="include\ds\spritewnd.h">
      <Filter>头文件\ds</Filter>
    </ClInclude>
    <ClInclude Include="include\ds\transdlg.h">
      <Filter>头文件\ds</Filter>
    </ClInclude>
    <ClInclude Include="include\ds\util.h">
      <Filter>头文件\ds</Filter>
    </ClInclude>
    <ClInclude Include="include\ds\winapp.h">
      <Filter>头文件\ds</Filter>
    </ClInclude>
  </ItemGroup>
  <ItemGroup>
    <ClCompile Include="src\spine\Animation.c">
      <Filter>源文件\spine</Filter>
    </ClCompile>
    <ClCompile Include="src\spine\AnimationState.c">
      <Filter>源文件\spine</Filter>
    </ClCompile>
    <ClCompile Include="src\spine\AnimationStateData.c">
      <Filter>源文件\spine</Filter>
    </ClCompile>
    <ClCompile Include="src\spine\Array.c">
      <Filter>源文件\spine</Filter>
    </ClCompile>
    <ClCompile Include="src\spine\Atlas.c">
      <Filter>源文件\spine</Filter>
    </ClCompile>
    <ClCompile Include="src\spine\AtlasAttachmentLoader.c">
      <Filter>源文件\spine</Filter>
    </ClCompile>
    <ClCompile Include="src\spine\Attachment.c">
      <Filter>源文件\spine</Filter>
    </ClCompile>
    <ClCompile Include="src\spine\AttachmentLoader.c">
      <Filter>源文件\spine</Filter>
    </ClCompile>
    <ClCompile Include="src\spine\Bone.c">
      <Filter>源文件\spine</Filter>
    </ClCompile>
    <ClCompile Include="src\spine\BoneData.c">
      <Filter>源文件\spine</Filter>
    </ClCompile>
    <ClCompile Include="src\spine\BoundingBoxAttachment.c">
      <Filter>源文件\spine</Filter>
    </ClCompile>
    <ClCompile Include="src\spine\ClippingAttachment.c">
      <Filter>源文件\spine</Filter>
    </ClCompile>
    <ClCompile Include="src\spine\Color.c">
      <Filter>源文件\spine</Filter>
    </ClCompile>
    <ClCompile Include="src\spine\Event.c">
      <Filter>源文件\spine</Filter>
    </ClCompile>
    <ClCompile Include="src\spine\EventData.c">
      <Filter>源文件\spine</Filter>
    </ClCompile>
    <ClCompile Include="src\spine\extension.c">
      <Filter>源文件\spine</Filter>
    </ClCompile>
    <ClCompile Include="src\spine\IkConstraint.c">
      <Filter>源文件\spine</Filter>
    </ClCompile>
    <ClCompile Include="src\spine\IkConstraintData.c">
      <Filter>源文件\spine</Filter>
    </ClCompile>
    <ClCompile Include="src\spine\Json.c">
      <Filter>源文件\spine</Filter>
    </ClCompile>
    <ClCompile Include="src\spine\MeshAttachment.c">
      <Filter>源文件\spine</Filter>
    </ClCompile>
    <ClCompile Include="src\spine\PathAttachment.c">
      <Filter>源文件\spine</Filter>
    </ClCompile>
    <ClCompile Include="src\spine\PathConstraint.c">
      <Filter>源文件\spine</Filter>
    </ClCompile>
    <ClCompile Include="src\spine\PathConstraintData.c">
      <Filter>源文件\spine</Filter>
    </ClCompile>
    <ClCompile Include="src\spine\PointAttachment.c">
      <Filter>源文件\spine</Filter>
    </ClCompile>
    <ClCompile Include="src\spine\RegionAttachment.c">
      <Filter>源文件\spine</Filter>
    </ClCompile>
    <ClCompile Include="src\spine\Skeleton.c">
      <Filter>源文件\spine</Filter>
    </ClCompile>
    <ClCompile Include="src\spine\SkeletonBinary.c">
      <Filter>源文件\spine</Filter>
    </ClCompile>
    <ClCompile Include="src\spine\SkeletonBounds.c">
      <Filter>源文件\spine</Filter>
    </ClCompile>
    <ClCompile Include="src\spine\SkeletonClipping.c">
      <Filter>源文件\spine</Filter>
    </ClCompile>
    <ClCompile Include="src\spine\SkeletonData.c">
      <Filter>源文件\spine</Filter>
    </ClCompile>
    <ClCompile Include="src\spine\SkeletonJson.c">
      <Filter>源文件\spine</Filter>
    </ClCompile>
    <ClCompile Include="src\spine\Skin.c">
      <Filter>源文件\spine</Filter>
    </ClCompile>
    <ClCompile Include="src\spine\Slot.c">
      <Filter>源文件\spine</Filter>
    </ClCompile>
    <ClCompile Include="src\spine\SlotData.c">
      <Filter>源文件\spine</Filter>
    </ClCompile>
    <ClCompile Include="src\spine\TransformConstraint.c">
      <Filter>源文件\spine</Filter>
    </ClCompile>
    <ClCompile Include="src\spine\TransformConstraintData.c">
      <Filter>源文件\spine</Filter>
    </ClCompile>
    <ClCompile Include="src\spine\Triangulator.c">
      <Filter>源文件\spine</Filter>
    </ClCompile>
    <ClCompile Include="src\spine\VertexAttachment.c">
      <Filter>源文件\spine</Filter>
    </ClCompile>
    <ClCompile Include="src\spine\VertexEffect.c">
      <Filter>源文件\spine</Filter>
    </ClCompile>
    <ClCompile Include="src\ds\config.cpp">
      <Filter>源文件\ds</Filter>
    </ClCompile>
    <ClCompile Include="src\ds\mainwnd.cpp">
      <Filter>源文件\ds</Filter>
    </ClCompile>
    <ClCompile Include="src\ds\notifyicon.cpp">
      <Filter>源文件\ds</Filter>
    </ClCompile>
    <ClCompile Include="src\ds\perfdata.cpp">
      <Filter>源文件\ds</Filter>
    </ClCompile>
    <ClCompile Include="src\ds\spritewnd.cpp">
      <Filter>源文件\ds</Filter>
    </ClCompile>
    <ClCompile Include="src\ds\transdlg.cpp">
      <Filter>源文件\ds</Filter>
    </ClCompile>
    <ClCompile Include="src\ds\util.cpp">
      <Filter>源文件\ds</Filter>
    </ClCompile>
    <ClCompile Include="src\ds\winapp.cpp">
      <Filter>源文件\ds</Filter>
    </ClCompile>
  </ItemGroup>
  <ItemGroup>
    <Image Include="res\image\appicon_dark.ico">
      <Filter>资源文件\图像</Filter>
    </Image>
    <Image Include="res\image\appicon_dark.png">
      <Filter>资源文件\图像</Filter>
    </Image>
    <Image Include="res\image\appicon_light.ico">
      <Filter>资源文件\图像</Filter>
    </Image>
    <Image Include="res\image\appicon_light.png">
      <Filter>资源文件\图像</Filter>
    </Image>
    <Image Include="res\image\timealarm.ico">
      <Filter>资源文件\图像</Filter>
    </Image>
    <Image Include="res\image\timealarm.png">
      <Filter>资源文件\图像</Filter>
    </Image>
  </ItemGroup>
  <ItemGroup>
    <Font Include="res\font\AGENCYB.TTF">
      <Filter>资源文件\字体</Filter>
    </Font>
    <Font Include="res\font\AGENCYR.TTF">
      <Filter>资源文件\字体</Filter>
    </Font>
  </ItemGroup>
</Project>